
Microsoft Visual Studio Solution File, Format Version 12.00
# Visual Studio Version 17
VisualStudioVersion = 17.14.36414.22
MinimumVisualStudioVersion = 10.0.40219.1
Project("{FAE04EC0-301F-11D3-BF4B-00C04F79EFBC}") = "01_Kamen-Nuzky-Papir", "01_Kamen-Nuzky-Papir\01_Kamen-Nuzky-Papir.csproj", "{B79BEB1F-27A9-4954-80D2-2941E3517C11}"
EndProject
Project("{FAE04EC0-301F-11D3-BF4B-00C04F79EFBC}") = "02_Piskvorky", "02_Piskvorky\02_Piskvorky.csproj", "{B769172D-C5F4-4DDB-B6F9-8268CF8BBAA9}"
EndProject
Project("{FAE04EC0-301F-11D3-BF4B-00C04F79EFBC}") = "03_Sibenice", "03_Sibenice\03_Sibenice.csproj", "{125F5737-1454-DFF6-D1AD-49F2A8523022}"
EndProject
Project("{FAE04EC0-301F-11D3-BF4B-00C04F79EFBC}") = "04_NudneTextoveChceteBytMilionaremNaTemaStarWarsOriginalniTrilogie", "04_NudneTextoveChceteBytMilionarem\04_NudneTextoveChceteBytMilionaremNaTemaStarWarsOriginalniTrilogie.csproj", "{615A47F9-1ED1-6C97-EF2D-8C34349A8349}"
EndProject
Global
	GlobalSection(SolutionConfigurationPlatforms) = preSolution
		Debug|Any CPU = Debug|Any CPU
		Release|Any CPU = Release|Any CPU
	EndGlobalSection
	GlobalSection(ProjectConfigurationPlatforms) = postSolution
		{B79BEB1F-27A9-4954-80D2-2941E3517C11}.Debug|Any CPU.ActiveCfg = Debug|Any CPU
		{B79BEB1F-27A9-4954-80D2-2941E3517C11}.Debug|Any CPU.Build.0 = Debug|Any CPU
		{B79BEB1F-27A9-4954-80D2-2941E3517C11}.Release|Any CPU.ActiveCfg = Release|Any CPU
		{B79BEB1F-27A9-4954-80D2-2941E3517C11}.Release|Any CPU.Build.0 = Release|Any CPU
		{B769172D-C5F4-4DDB-B6F9-8268CF8BBAA9}.Debug|Any CPU.ActiveCfg = Debug|Any CPU
		{B769172D-C5F4-4DDB-B6F9-8268CF8BBAA9}.Debug|Any CPU.Build.0 = Debug|Any CPU
		{B769172D-C5F4-4DDB-B6F9-8268CF8BBAA9}.Release|Any CPU.ActiveCfg = Release|Any CPU
		{B769172D-C5F4-4DDB-B6F9-8268CF8BBAA9}.Release|Any CPU.Build.0 = Release|Any CPU
		{125F5737-1454-DFF6-D1AD-49F2A8523022}.Debug|Any CPU.ActiveCfg = Debug|Any CPU
		{125F5737-1454-DFF6-D1AD-49F2A8523022}.Debug|Any CPU.Build.0 = Debug|Any CPU
		{125F5737-1454-DFF6-D1AD-49F2A8523022}.Release|Any CPU.ActiveCfg = Release|Any CPU
		{125F5737-1454-DFF6-D1AD-49F2A8523022}.Release|Any CPU.Build.0 = Release|Any CPU
		{615A47F9-1ED1-6C97-EF2D-8C34349A8349}.Debug|Any CPU.ActiveCfg = Debug|Any CPU
		{615A47F9-1ED1-6C97-EF2D-8C34349A8349}.Debug|Any CPU.Build.0 = Debug|Any CPU
		{615A47F9-1ED1-6C97-EF2D-8C34349A8349}.Release|Any CPU.ActiveCfg = Release|Any CPU
		{615A47F9-1ED1-6C97-EF2D-8C34349A8349}.Release|Any CPU.Build.0 = Release|Any CPU
	EndGlobalSection
	GlobalSection(SolutionProperties) = preSolution
		HideSolutionNode = FALSE
	EndGlobalSection
	GlobalSection(ExtensibilityGlobals) = postSolution
		SolutionGuid = {74D88237-8EB4-42BF-8C3C-3D96902CA536}
	EndGlobalSection
EndGlobal
